
Microsoft Visual Studio Solution File, Format Version 12.00
# Visual Studio Version 16
VisualStudioVersion = 16.0.30204.135
MinimumVisualStudioVersion = 10.0.40219.1
Project("{FAE04EC0-301F-11D3-BF4B-00C04F79EFBC}") = "PracticeLinq", "PracticeLinq\PracticeLinq.csproj", "{0614D789-1284-4F94-82B0-0376854164F7}"
EndProject
Global
	GlobalSection(SolutionConfigurationPlatforms) = preSolution
		Debug|Any CPU = Debug|Any CPU
		Release|Any CPU = Release|Any CPU
	EndGlobalSection
	GlobalSection(ProjectConfigurationPlatforms) = postSolution
		{0614D789-1284-4F94-82B0-0376854164F7}.Debug|Any CPU.ActiveCfg = Debug|Any CPU
		{0614D789-1284-4F94-82B0-0376854164F7}.Debug|Any CPU.Build.0 = Debug|Any CPU
		{0614D789-1284-4F94-82B0-0376854164F7}.Release|Any CPU.ActiveCfg = Release|Any CPU
		{0614D789-1284-4F94-82B0-0376854164F7}.Release|Any CPU.Build.0 = Release|Any CPU
	EndGlobalSection
	GlobalSection(SolutionProperties) = preSolution
		HideSolutionNode = FALSE
	EndGlobalSection
	GlobalSection(ExtensibilityGlobals) = postSolution
		SolutionGuid = {D67A1407-7DAF-466B-86EB-CF6350B86979}
	EndGlobalSection
EndGlobal
